
Microsoft Visual Studio Solution File, Format Version 12.00
# Visual Studio Version 16
VisualStudioVersion = 16.0.30204.135
MinimumVisualStudioVersion = 10.0.40219.1
Project("{FAE04EC0-301F-11D3-BF4B-00C04F79EFBC}") = "TemperatureMonitoring", "TemperatureMonitoring\TemperatureMonitoring.csproj", "{24B3524C-76A9-48A9-9D7D-29ED0A64718E}"
EndProject
Global
	GlobalSection(SolutionConfigurationPlatforms) = preSolution
		Debug|Any CPU = Debug|Any CPU
		Release|Any CPU = Release|Any CPU
	EndGlobalSection
	GlobalSection(ProjectConfigurationPlatforms) = postSolution
		{24B3524C-76A9-48A9-9D7D-29ED0A64718E}.Debug|Any CPU.ActiveCfg = Debug|Any CPU
		{24B3524C-76A9-48A9-9D7D-29ED0A64718E}.Debug|Any CPU.Build.0 = Debug|Any CPU
		{24B3524C-76A9-48A9-9D7D-29ED0A64718E}.Release|Any CPU.ActiveCfg = Release|Any CPU
		{24B3524C-76A9-48A9-9D7D-29ED0A64718E}.Release|Any CPU.Build.0 = Release|Any CPU
	EndGlobalSection
	GlobalSection(SolutionProperties) = preSolution
		HideSolutionNode = FALSE
	EndGlobalSection
	GlobalSection(ExtensibilityGlobals) = postSolution
		SolutionGuid = {2AB48E77-8859-49A7-B0C6-FD36662687D7}
	EndGlobalSection
EndGlobal
